
Microsoft Visual Studio Solution File, Format Version 12.00
# Visual Studio 15
VisualStudioVersion = 15.0.28307.757
MinimumVisualStudioVersion = 10.0.40219.1
Project("{FAE04EC0-301F-11D3-BF4B-00C04F79EFBC}") = "dot_NET_WebApiPractice", "dot_NET_WebApiPractice\dot_NET_WebApiPractice.csproj", "{3AA8553B-66BA-435E-944A-8049F71FAC9B}"
EndProject
Global
	GlobalSection(SolutionConfigurationPlatforms) = preSolution
		Debug|Any CPU = Debug|Any CPU
		Release|Any CPU = Release|Any CPU
	EndGlobalSection
	GlobalSection(ProjectConfigurationPlatforms) = postSolution
		{3AA8553B-66BA-435E-944A-8049F71FAC9B}.Debug|Any CPU.ActiveCfg = Debug|Any CPU
		{3AA8553B-66BA-435E-944A-8049F71FAC9B}.Debug|Any CPU.Build.0 = Debug|Any CPU
		{3AA8553B-66BA-435E-944A-8049F71FAC9B}.Release|Any CPU.ActiveCfg = Release|Any CPU
		{3AA8553B-66BA-435E-944A-8049F71FAC9B}.Release|Any CPU.Build.0 = Release|Any CPU
	EndGlobalSection
	GlobalSection(SolutionProperties) = preSolution
		HideSolutionNode = FALSE
	EndGlobalSection
	GlobalSection(ExtensibilityGlobals) = postSolution
		SolutionGuid = {1B20DFE5-1874-46A7-AE79-F354378DF344}
	EndGlobalSection
EndGlobal
